
Microsoft Visual Studio Solution File, Format Version 12.00
Project("{FAE04EC0-301F-11D3-BF4B-00C04F79EFBC}") = "Server", "Server\Server.csproj", "{7ABB210B-1EA7-4523-BE9C-B458D765FC07}"
EndProject
Project("{FAE04EC0-301F-11D3-BF4B-00C04F79EFBC}") = "Server.Tests", "Server.Tests\Server.Tests.csproj", "{F7BA0C68-9F02-4F99-A583-EAE42FB2AD06}"
EndProject
Global
	GlobalSection(SolutionConfigurationPlatforms) = preSolution
		Debug|Any CPU = Debug|Any CPU
		Release|Any CPU = Release|Any CPU
	EndGlobalSection
	GlobalSection(ProjectConfigurationPlatforms) = postSolution
		{7ABB210B-1EA7-4523-BE9C-B458D765FC07}.Debug|Any CPU.ActiveCfg = Debug|Any CPU
		{7ABB210B-1EA7-4523-BE9C-B458D765FC07}.Debug|Any CPU.Build.0 = Debug|Any CPU
		{7ABB210B-1EA7-4523-BE9C-B458D765FC07}.Release|Any CPU.ActiveCfg = Release|Any CPU
		{7ABB210B-1EA7-4523-BE9C-B458D765FC07}.Release|Any CPU.Build.0 = Release|Any CPU
		{F7BA0C68-9F02-4F99-A583-EAE42FB2AD06}.Debug|Any CPU.ActiveCfg = Debug|Any CPU
		{F7BA0C68-9F02-4F99-A583-EAE42FB2AD06}.Debug|Any CPU.Build.0 = Debug|Any CPU
		{F7BA0C68-9F02-4F99-A583-EAE42FB2AD06}.Release|Any CPU.ActiveCfg = Release|Any CPU
		{F7BA0C68-9F02-4F99-A583-EAE42FB2AD06}.Release|Any CPU.Build.0 = Release|Any CPU
	EndGlobalSection
EndGlobal
